
Microsoft Visual Studio Solution File, Format Version 12.00
# Visual Studio Version 17
VisualStudioVersion = 17.4.33213.308
MinimumVisualStudioVersion = 10.0.40219.1
Project("{9A19103F-16F7-4668-BE54-9A1E7A4F7556}") = "RegSys_API", "RegSys_API.csproj", "{009448DB-6873-457E-8CE1-2769C8312048}"
EndProject
Global
	GlobalSection(SolutionConfigurationPlatforms) = preSolution
		Debug|Any CPU = Debug|Any CPU
		Release|Any CPU = Release|Any CPU
	EndGlobalSection
	GlobalSection(ProjectConfigurationPlatforms) = postSolution
		{009448DB-6873-457E-8CE1-2769C8312048}.Debug|Any CPU.ActiveCfg = Debug|Any CPU
		{009448DB-6873-457E-8CE1-2769C8312048}.Debug|Any CPU.Build.0 = Debug|Any CPU
		{009448DB-6873-457E-8CE1-2769C8312048}.Release|Any CPU.ActiveCfg = Release|Any CPU
		{009448DB-6873-457E-8CE1-2769C8312048}.Release|Any CPU.Build.0 = Release|Any CPU
	EndGlobalSection
	GlobalSection(SolutionProperties) = preSolution
		HideSolutionNode = FALSE
	EndGlobalSection
	GlobalSection(ExtensibilityGlobals) = postSolution
		SolutionGuid = {8EF36B9E-1017-40BF-AB44-3A48C105E808}
	EndGlobalSection
EndGlobal
